PODS:
  - Alamofire (5.4.1)
  - FSCalendar (2.8.2)
  - NVActivityIndicatorView (5.1.1):
    - NVActivityIndicatorView/Base (= 5.1.1)
  - NVActivityIndicatorView/Base (5.1.1)
  - Realm (10.10.0):
    - Realm/Headers (= 10.10.0)
  - Realm/Headers (10.10.0)
  - RealmSwift (10.10.0):
    - Realm (= 10.10.0)
  - RxCocoa (6.1.0):
    - RxRelay (= 6.1.0)
    - RxSwift (= 6.1.0)
  - RxRelay (6.1.0):
    - RxSwift (= 6.1.0)
  - RxSwift (6.1.0)

DEPENDENCIES:
  - Alamofire
  - FSCalendar
  - NVActivityIndicatorView
  - RealmSwift
  - RxCocoa
  - RxSwift

SPEC REPOS:
  trunk:
    - Alamofire
    - FSCalendar
    - NVActivityIndicatorView
    - Realm
    - RealmSwift
    - RxCocoa
    - RxRelay
    - RxSwift

SPEC CHECKSUMS:
  Alamofire: 2291f7d21ca607c491dd17642e5d40fdcda0e65c
  FSCalendar: e6a2eb9c571bf0719ed797ef807e08426753c241
  NVActivityIndicatorView: 1f6c5687f1171810aa27a3296814dc2d7dec3667
  Realm: f501df41a4222c67850c77cf135d472192ecf294
  RealmSwift: c69aadfc7db0d60075178d037c2f34ada73d5201
  RxCocoa: 5c51f02d562cbd94629f6c26cf0c80fe4ab8d343
  RxRelay: 483e1a19fad961b41f0b0c0bee506f46c1ae14fe
  RxSwift: a834e5c538e89eca0cae86f403f4fbf0336786ce

PODFILE CHECKSUM: b06733c197a03f63d6e4fbe513ca53241643cc68

COCOAPODS: 1.10.1
